
Microsoft Visual Studio Solution File, Format Version 12.00
# Visual Studio Version 17
VisualStudioVersion = 17.3.32922.545
MinimumVisualStudioVersion = 10.0.40219.1
Project("{FAE04EC0-301F-11D3-BF4B-00C04F79EFBC}") = "SageBot.Android", "SageBot\SageBot.Android\SageBot.Android.csproj", "{73CE5EAF-E08C-4A3C-A6F9-57334F63FC48}"
EndProject
Project("{FAE04EC0-301F-11D3-BF4B-00C04F79EFBC}") = "SageBot.iOS", "SageBot\SageBot.iOS\SageBot.iOS.csproj", "{796947E9-67F8-45D4-A853-948091E6E60E}"
EndProject
Project("{FAE04EC0-301F-11D3-BF4B-00C04F79EFBC}") = "SageBot", "SageBot\SageBot\SageBot.csproj", "{1C436BDC-1D7B-40A9-A84E-4C0928D588CC}"
EndProject
Global
	GlobalSection(SolutionConfigurationPlatforms) = preSolution
		Debug|Any CPU = Debug|Any CPU
		Debug|iPhone = Debug|iPhone
		Debug|iPhoneSimulator = Debug|iPhoneSimulator
		Release|Any CPU = Release|Any CPU
		Release|iPhone = Release|iPhone
		Release|iPhoneSimulator = Release|iPhoneSimulator
	EndGlobalSection
	GlobalSection(ProjectConfigurationPlatforms) = postSolution
		{73CE5EAF-E08C-4A3C-A6F9-57334F63FC48}.Debug|Any CPU.ActiveCfg = Debug|Any CPU
		{73CE5EAF-E08C-4A3C-A6F9-57334F63FC48}.Debug|Any CPU.Build.0 = Debug|Any CPU
		{73CE5EAF-E08C-4A3C-A6F9-57334F63FC48}.Debug|Any CPU.Deploy.0 = Debug|Any CPU
		{73CE5EAF-E08C-4A3C-A6F9-57334F63FC48}.Debug|iPhone.ActiveCfg = Debug|Any CPU
		{73CE5EAF-E08C-4A3C-A6F9-57334F63FC48}.Debug|iPhone.Build.0 = Debug|Any CPU
		{73CE5EAF-E08C-4A3C-A6F9-57334F63FC48}.Debug|iPhone.Deploy.0 = Debug|Any CPU
		{73CE5EAF-E08C-4A3C-A6F9-57334F63FC48}.Debug|iPhoneSimulator.ActiveCfg = Debug|Any CPU
		{73CE5EAF-E08C-4A3C-A6F9-57334F63FC48}.Debug|iPhoneSimulator.Build.0 = Debug|Any CPU
		{73CE5EAF-E08C-4A3C-A6F9-57334F63FC48}.Debug|iPhoneSimulator.Deploy.0 = Debug|Any CPU
		{73CE5EAF-E08C-4A3C-A6F9-57334F63FC48}.Release|Any CPU.ActiveCfg = Release|Any CPU
		{73CE5EAF-E08C-4A3C-A6F9-57334F63FC48}.Release|Any CPU.Build.0 = Release|Any CPU
		{73CE5EAF-E08C-4A3C-A6F9-57334F63FC48}.Release|Any CPU.Deploy.0 = Release|Any CPU
		{73CE5EAF-E08C-4A3C-A6F9-57334F63FC48}.Release|iPhone.ActiveCfg = Release|Any CPU
		{73CE5EAF-E08C-4A3C-A6F9-57334F63FC48}.Release|iPhone.Build.0 = Release|Any CPU
		{73CE5EAF-E08C-4A3C-A6F9-57334F63FC48}.Release|iPhone.Deploy.0 = Release|Any CPU
		{73CE5EAF-E08C-4A3C-A6F9-57334F63FC48}.Release|iPhoneSimulator.ActiveCfg = Release|Any CPU
		{73CE5EAF-E08C-4A3C-A6F9-57334F63FC48}.Release|iPhoneSimulator.Build.0 = Release|Any CPU
		{73CE5EAF-E08C-4A3C-A6F9-57334F63FC48}.Release|iPhoneSimulator.Deploy.0 = Release|Any CPU
		{796947E9-67F8-45D4-A853-948091E6E60E}.Debug|Any CPU.ActiveCfg = Debug|iPhone
		{796947E9-67F8-45D4-A853-948091E6E60E}.Debug|Any CPU.Build.0 = Debug|iPhone
		{796947E9-67F8-45D4-A853-948091E6E60E}.Debug|Any CPU.Deploy.0 = Debug|iPhone
		{796947E9-67F8-45D4-A853-948091E6E60E}.Debug|iPhone.ActiveCfg = Debug|iPhone
		{796947E9-67F8-45D4-A853-948091E6E60E}.Debug|iPhone.Build.0 = Debug|iPhone
		{796947E9-67F8-45D4-A853-948091E6E60E}.Debug|iPhone.Deploy.0 = Debug|iPhone
		{796947E9-67F8-45D4-A853-948091E6E60E}.Debug|iPhoneSimulator.ActiveCfg = Debug|iPhoneSimulator
		{796947E9-67F8-45D4-A853-948091E6E60E}.Debug|iPhoneSimulator.Build.0 = Debug|iPhoneSimulator
		{796947E9-67F8-45D4-A853-948091E6E60E}.Debug|iPhoneSimulator.Deploy.0 = Debug|iPhoneSimulator
		{796947E9-67F8-45D4-A853-948091E6E60E}.Release|Any CPU.ActiveCfg = Release|iPhoneSimulator
		{796947E9-67F8-45D4-A853-948091E6E60E}.Release|Any CPU.Build.0 = Release|iPhoneSimulator
		{796947E9-67F8-45D4-A853-948091E6E60E}.Release|Any CPU.Deploy.0 = Release|iPhoneSimulator
		{796947E9-67F8-45D4-A853-948091E6E60E}.Release|iPhone.ActiveCfg = Release|iPhone
		{796947E9-67F8-45D4-A853-948091E6E60E}.Release|iPhone.Build.0 = Release|iPhone
		{796947E9-67F8-45D4-A853-948091E6E60E}.Release|iPhone.Deploy.0 = Release|iPhone
		{796947E9-67F8-45D4-A853-948091E6E60E}.Release|iPhoneSimulator.ActiveCfg = Release|iPhoneSimulator
		{796947E9-67F8-45D4-A853-948091E6E60E}.Release|iPhoneSimulator.Build.0 = Release|iPhoneSimulator
		{796947E9-67F8-45D4-A853-948091E6E60E}.Release|iPhoneSimulator.Deploy.0 = Release|iPhoneSimulator
		{1C436BDC-1D7B-40A9-A84E-4C0928D588CC}.Debug|Any CPU.ActiveCfg = Debug|Any CPU
		{1C436BDC-1D7B-40A9-A84E-4C0928D588CC}.Debug|Any CPU.Build.0 = Debug|Any CPU
		{1C436BDC-1D7B-40A9-A84E-4C0928D588CC}.Debug|Any CPU.Deploy.0 = Debug|Any CPU
		{1C436BDC-1D7B-40A9-A84E-4C0928D588CC}.Debug|iPhone.ActiveCfg = Debug|Any CPU
		{1C436BDC-1D7B-40A9-A84E-4C0928D588CC}.Debug|iPhone.Build.0 = Debug|Any CPU
		{1C436BDC-1D7B-40A9-A84E-4C0928D588CC}.Debug|iPhone.Deploy.0 = Debug|Any CPU
		{1C436BDC-1D7B-40A9-A84E-4C0928D588CC}.Debug|iPhoneSimulator.ActiveCfg = Debug|Any CPU
		{1C436BDC-1D7B-40A9-A84E-4C0928D588CC}.Debug|iPhoneSimulator.Build.0 = Debug|Any CPU
		{1C436BDC-1D7B-40A9-A84E-4C0928D588CC}.Debug|iPhoneSimulator.Deploy.0 = Debug|Any CPU
		{1C436BDC-1D7B-40A9-A84E-4C0928D588CC}.Release|Any CPU.ActiveCfg = Release|Any CPU
		{1C436BDC-1D7B-40A9-A84E-4C0928D588CC}.Release|Any CPU.Build.0 = Release|Any CPU
		{1C436BDC-1D7B-40A9-A84E-4C0928D588CC}.Release|Any CPU.Deploy.0 = Release|Any CPU
		{1C436BDC-1D7B-40A9-A84E-4C0928D588CC}.Release|iPhone.ActiveCfg = Release|Any CPU
		{1C436BDC-1D7B-40A9-A84E-4C0928D588CC}.Release|iPhone.Build.0 = Release|Any CPU
		{1C436BDC-1D7B-40A9-A84E-4C0928D588CC}.Release|iPhone.Deploy.0 = Release|Any CPU
		{1C436BDC-1D7B-40A9-A84E-4C0928D588CC}.Release|iPhoneSimulator.ActiveCfg = Release|Any CPU
		{1C436BDC-1D7B-40A9-A84E-4C0928D588CC}.Release|iPhoneSimulator.Build.0 = Release|Any CPU
		{1C436BDC-1D7B-40A9-A84E-4C0928D588CC}.Release|iPhoneSimulator.Deploy.0 = Release|Any CPU
	EndGlobalSection
	GlobalSection(SolutionProperties) = preSolution
		HideSolutionNode = FALSE
	EndGlobalSection
	GlobalSection(ExtensibilityGlobals) = postSolution
		SolutionGuid = {F9EF089E-EAC6-4DC9-96EF-B1B42BC9631A}
	EndGlobalSection
EndGlobal
